// !$*UTF8*$!
{
	archiveVersion = 1;
	classes = {
	};
	objectVersion = 48;
	objects = {

/* Begin PBXBuildFile section */
		855FA1CD1FB791FD00E1DEA5 /* AppDelegate.m in Sources */ = {isa = PBXBuildFile; fileRef = 855FA1CC1FB791FD00E1DEA5 /* AppDelegate.m */; };
		855FA1D01FB791FD00E1DEA5 /* ViewController.m in Sources */ = {isa = PBXBuildFile; fileRef = 855FA1CF1FB791FD00E1DEA5 /* ViewController.m */; };
		855FA1D31FB791FD00E1DEA5 /* Main.storyboard in Resources */ = {isa = PBXBuildFile; fileRef = 855FA1D11FB791FD00E1DEA5 /* Main.storyboard */; };
		855FA1D51FB791FD00E1DEA5 /* Assets.xcassets in Resources */ = {isa = PBXBuildFile; fileRef = 855FA1D41FB791FD00E1DEA5 /* Assets.xcassets */; };
		855FA1D81FB791FD00E1DEA5 /* LaunchScreen.storyboard in Resources */ = {isa = PBXBuildFile; fileRef = 855FA1D61FB791FD00E1DEA5 /* LaunchScreen.storyboard */; };
		855FA1DB1FB791FD00E1DEA5 /* main.m in Sources */ = {isa = PBXBuildFile; fileRef = 855FA1DA1FB791FD00E1DEA5 /* main.m */; };
		855FA1E51FB791FD00E1DEA5 /* SmallBizInvoicesTests.m in Sources */ = {isa = PBXBuildFile; fileRef = 855FA1E41FB791FD00E1DEA5 /* SmallBizInvoicesTests.m */; };
		855FA1F21FB79B5C00E1DEA5 /* LoginViewController.m in Sources */ = {isa = PBXBuildFile; fileRef = 855FA1F01FB79B5C00E1DEA5 /* LoginViewController.m */; };
		855FA1F71FB79D6F00E1DEA5 /* ReceiptListViewController.m in Sources */ = {isa = PBXBuildFile; fileRef = 855FA1F51FB79D6F00E1DEA5 /* ReceiptListViewController.m */; };
		855FA1FC1FB79DF800E1DEA5 /* ReceiptDetailsViewController.m in Sources */ = {isa = PBXBuildFile; fileRef = 855FA1FA1FB79DF800E1DEA5 /* ReceiptDetailsViewController.m */; };
		855FA2031FB7AE6F00E1DEA5 /* EmployeeRootVC.m in Sources */ = {isa = PBXBuildFile; fileRef = 855FA2021FB7AE6F00E1DEA5 /* EmployeeRootVC.m */; };
		855FA2061FB7B1C000E1DEA5 /* AddNewReceiptVC.m in Sources */ = {isa = PBXBuildFile; fileRef = 855FA2051FB7B1C000E1DEA5 /* AddNewReceiptVC.m */; };
		855FA2091FB7B40500E1DEA5 /* ScanQRCodeVC.m in Sources */ = {isa = PBXBuildFile; fileRef = 855FA2081FB7B40500E1DEA5 /* ScanQRCodeVC.m */; };
		855FA20C1FB7B42700E1DEA5 /* EnterReceiptDetailsVC.m in Sources */ = {isa = PBXBuildFile; fileRef = 855FA20B1FB7B42700E1DEA5 /* EnterReceiptDetailsVC.m */; };
		855FA20F1FB7BDEA00E1DEA5 /* MTBBarcodeScanner.m in Sources */ = {isa = PBXBuildFile; fileRef = 855FA20E1FB7BDEA00E1DEA5 /* MTBBarcodeScanner.m */; };
		855FA2121FB7EBA900E1DEA5 /* bg.jpg in Resources */ = {isa = PBXBuildFile; fileRef = 855FA2111FB7EBA900E1DEA5 /* bg.jpg */; };
		BC5DB90B1FB7ADC100F58145 /* OwnerRootVC.m in Sources */ = {isa = PBXBuildFile; fileRef = BC5DB9091FB7ADC100F58145 /* OwnerRootVC.m */; };
		BC5DB90C1FB7ADC100F58145 /* OwnerRootVC.xib in Resources */ = {isa = PBXBuildFile; fileRef = BC5DB90A1FB7ADC100F58145 /* OwnerRootVC.xib */; };
		BC5DB9101FB7B4C500F58145 /* FilterBillsVC.m in Sources */ = {isa = PBXBuildFile; fileRef = BC5DB90E1FB7B4C500F58145 /* FilterBillsVC.m */; };
		BC5DB9111FB7B4C500F58145 /* FilterBillsVC.xib in Resources */ = {isa = PBXBuildFile; fileRef = BC5DB90F1FB7B4C500F58145 /* FilterBillsVC.xib */; };
		BC5DB9151FB7B4EC00F58145 /* BillReportVC.m in Sources */ = {isa = PBXBuildFile; fileRef = BC5DB9131FB7B4EC00F58145 /* BillReportVC.m */; };
		BC5DB9161FB7B4EC00F58145 /* BillReportVC.xib in Resources */ = {isa = PBXBuildFile; fileRef = BC5DB9141FB7B4EC00F58145 /* BillReportVC.xib */; };
		BC5DB9191FB7B51A00F58145 /* SmallBizAppManager.m in Sources */ = {isa = PBXBuildFile; fileRef = BC5DB9181FB7B51A00F58145 /* SmallBizAppManager.m */; };
/* End PBXBuildFile section */

/* Begin PBXContainerItemProxy section */
		855FA1E11FB791FD00E1DEA5 /* PBXContainerItemProxy */ = {
			isa = PBXContainerItemProxy;
			containerPortal = 855FA1C01FB791FD00E1DEA5 /* Project object */;
			proxyType = 1;
			remoteGlobalIDString = 855FA1C71FB791FD00E1DEA5;
			remoteInfo = SmallBizInvoices;
		};
/* End PBXContainerItemProxy section */

/* Begin PBXFileReference section */
		855FA1C81FB791FD00E1DEA5 /* SmallBizInvoices.app */ = {isa = PBXFileReference; explicitFileType = wrapper.application; includeInIndex = 0; path = SmallBizInvoices.app; sourceTree = BUILT_PRODUCTS_DIR; };
		855FA1CB1FB791FD00E1DEA5 /* AppDelegate.h */ = {isa = PBXFileReference; lastKnownFileType = sourcecode.c.h; path = AppDelegate.h; sourceTree = "<group>"; };
		855FA1CC1FB791FD00E1DEA5 /* AppDelegate.m */ = {isa = PBXFileReference; lastKnownFileType = sourcecode.c.objc; path = AppDelegate.m; sourceTree = "<group>"; };
		855FA1CE1FB791FD00E1DEA5 /* ViewController.h */ = {isa = PBXFileReference; lastKnownFileType = sourcecode.c.h; path = ViewController.h; sourceTree = "<group>"; };
		855FA1CF1FB791FD00E1DEA5 /* ViewController.m */ = {isa = PBXFileReference; lastKnownFileType = sourcecode.c.objc; path = ViewController.m; sourceTree = "<group>"; };
		855FA1D21FB791FD00E1DEA5 /* Base */ = {isa = PBXFileReference; lastKnownFileType = file.storyboard; name = Base; path = Base.lproj/Main.storyboard; sourceTree = "<group>"; };
		855FA1D41FB791FD00E1DEA5 /* Assets.xcassets */ = {isa = PBXFileReference; lastKnownFileType = folder.assetcatalog; path = Assets.xcassets; sourceTree = "<group>"; };
		855FA1D71FB791FD00E1DEA5 /* Base */ = {isa = PBXFileReference; lastKnownFileType = file.storyboard; name = Base; path = Base.lproj/LaunchScreen.storyboard; sourceTree = "<group>"; };
		855FA1D91FB791FD00E1DEA5 /* Info.plist */ = {isa = PBXFileReference; lastKnownFileType = text.plist.xml; path = Info.plist; sourceTree = "<group>"; };
		855FA1DA1FB791FD00E1DEA5 /* main.m */ = {isa = PBXFileReference; lastKnownFileType = sourcecode.c.objc; path = main.m; sourceTree = "<group>"; };
		855FA1E01FB791FD00E1DEA5 /* SmallBizInvoicesTests.xctest */ = {isa = PBXFileReference; explicitFileType = wrapper.cfbundle; includeInIndex = 0; path = SmallBizInvoicesTests.xctest; sourceTree = BUILT_PRODUCTS_DIR; };
		855FA1E41FB791FD00E1DEA5 /* SmallBizInvoicesTests.m */ = {isa = PBXFileReference; lastKnownFileType = sourcecode.c.objc; path = SmallBizInvoicesTests.m; sourceTree = "<group>"; };
		855FA1E61FB791FD00E1DEA5 /* Info.plist */ = {isa = PBXFileReference; lastKnownFileType = text.plist.xml; path = Info.plist; sourceTree = "<group>"; };
		855FA1EF1FB79B5C00E1DEA5 /* LoginViewController.h */ = {isa = PBXFileReference; lastKnownFileType = sourcecode.c.h; path = LoginViewController.h; sourceTree = "<group>"; };
		855FA1F01FB79B5C00E1DEA5 /* LoginViewController.m */ = {isa = PBXFileReference; lastKnownFileType = sourcecode.c.objc; path = LoginViewController.m; sourceTree = "<group>"; };
		855FA1F41FB79D6F00E1DEA5 /* ReceiptListViewController.h */ = {isa = PBXFileReference; lastKnownFileType = sourcecode.c.h; path = ReceiptListViewController.h; sourceTree = "<group>"; };
		855FA1F51FB79D6F00E1DEA5 /* ReceiptListViewController.m */ = {isa = PBXFileReference; lastKnownFileType = sourcecode.c.objc; path = ReceiptListViewController.m; sourceTree = "<group>"; };
		855FA1F91FB79DF800E1DEA5 /* ReceiptDetailsViewController.h */ = {isa = PBXFileReference; lastKnownFileType = sourcecode.c.h; path = ReceiptDetailsViewController.h; sourceTree = "<group>"; };
		855FA1FA1FB79DF800E1DEA5 /* ReceiptDetailsViewController.m */ = {isa = PBXFileReference; lastKnownFileType = sourcecode.c.objc; path = ReceiptDetailsViewController.m; sourceTree = "<group>"; };
		855FA2011FB7AE6F00E1DEA5 /* EmployeeRootVC.h */ = {isa = PBXFileReference; lastKnownFileType = sourcecode.c.h; path = EmployeeRootVC.h; sourceTree = "<group>"; };
		855FA2021FB7AE6F00E1DEA5 /* EmployeeRootVC.m */ = {isa = PBXFileReference; lastKnownFileType = sourcecode.c.objc; path = EmployeeRootVC.m; sourceTree = "<group>"; };
		855FA2041FB7B1C000E1DEA5 /* AddNewReceiptVC.h */ = {isa = PBXFileReference; lastKnownFileType = sourcecode.c.h; path = AddNewReceiptVC.h; sourceTree = "<group>"; };
		855FA2051FB7B1C000E1DEA5 /* AddNewReceiptVC.m */ = {isa = PBXFileReference; lastKnownFileType = sourcecode.c.objc; path = AddNewReceiptVC.m; sourceTree = "<group>"; };
		855FA2071FB7B40500E1DEA5 /* ScanQRCodeVC.h */ = {isa = PBXFileReference; lastKnownFileType = sourcecode.c.h; path = ScanQRCodeVC.h; sourceTree = "<group>"; };
		855FA2081FB7B40500E1DEA5 /* ScanQRCodeVC.m */ = {isa = PBXFileReference; lastKnownFileType = sourcecode.c.objc; path = ScanQRCodeVC.m; sourceTree = "<group>"; };
		855FA20A1FB7B42700E1DEA5 /* EnterReceiptDetailsVC.h */ = {isa = PBXFileReference; lastKnownFileType = sourcecode.c.h; path = EnterReceiptDetailsVC.h; sourceTree = "<group>"; };
		855FA20B1FB7B42700E1DEA5 /* EnterReceiptDetailsVC.m */ = {isa = PBXFileReference; lastKnownFileType = sourcecode.c.objc; path = EnterReceiptDetailsVC.m; sourceTree = "<group>"; };
		855FA20D1FB7BDE900E1DEA5 /* MTBBarcodeScanner.h */ = {isa = PBXFileReference; fileEncoding = 4; lastKnownFileType = sourcecode.c.h; path = MTBBarcodeScanner.h; sourceTree = "<group>"; };
		855FA20E1FB7BDEA00E1DEA5 /* MTBBarcodeScanner.m */ = {isa = PBXFileReference; fileEncoding = 4; lastKnownFileType = sourcecode.c.objc; path = MTBBarcodeScanner.m; sourceTree = "<group>"; };
		855FA2111FB7EBA900E1DEA5 /* bg.jpg */ = {isa = PBXFileReference; lastKnownFileType = image.jpeg; path = bg.jpg; sourceTree = "<group>"; };
		BC5DB9081FB7ADC100F58145 /* OwnerRootVC.h */ = {isa = PBXFileReference; lastKnownFileType = sourcecode.c.h; path = OwnerRootVC.h; sourceTree = "<group>"; };
		BC5DB9091FB7ADC100F58145 /* OwnerRootVC.m */ = {isa = PBXFileReference; lastKnownFileType = sourcecode.c.objc; path = OwnerRootVC.m; sourceTree = "<group>"; };
		BC5DB90A1FB7ADC100F58145 /* OwnerRootVC.xib */ = {isa = PBXFileReference; lastKnownFileType = file.xib; path = OwnerRootVC.xib; sourceTree = "<group>"; };
		BC5DB90D1FB7B4C500F58145 /* FilterBillsVC.h */ = {isa = PBXFileReference; lastKnownFileType = sourcecode.c.h; path = FilterBillsVC.h; sourceTree = "<group>"; };
		BC5DB90E1FB7B4C500F58145 /* FilterBillsVC.m */ = {isa = PBXFileReference; lastKnownFileType = sourcecode.c.objc; path = FilterBillsVC.m; sourceTree = "<group>"; };
		BC5DB90F1FB7B4C500F58145 /* FilterBillsVC.xib */ = {isa = PBXFileReference; lastKnownFileType = file.xib; path = FilterBillsVC.xib; sourceTree = "<group>"; };
		BC5DB9121FB7B4EC00F58145 /* BillReportVC.h */ = {isa = PBXFileReference; lastKnownFileType = sourcecode.c.h; path = BillReportVC.h; sourceTree = "<group>"; };
		BC5DB9131FB7B4EC00F58145 /* BillReportVC.m */ = {isa = PBXFileReference; lastKnownFileType = sourcecode.c.objc; path = BillReportVC.m; sourceTree = "<group>"; };
		BC5DB9141FB7B4EC00F58145 /* BillReportVC.xib */ = {isa = PBXFileReference; lastKnownFileType = file.xib; path = BillReportVC.xib; sourceTree = "<group>"; };
		BC5DB9171FB7B51A00F58145 /* SmallBizAppManager.h */ = {isa = PBXFileReference; lastKnownFileType = sourcecode.c.h; path = SmallBizAppManager.h; sourceTree = "<group>"; };
		BC5DB9181FB7B51A00F58145 /* SmallBizAppManager.m */ = {isa = PBXFileReference; lastKnownFileType = sourcecode.c.objc; path = SmallBizAppManager.m; sourceTree = "<group>"; };
/* End PBXFileReference section */

/* Begin PBXFrameworksBuildPhase section */
		855FA1C51FB791FD00E1DEA5 /* Frameworks */ = {
			isa = PBXFrameworksBuildPhase;
			buildActionMask = 2147483647;
			files = (
			);
			runOnlyForDeploymentPostprocessing = 0;
		};
		855FA1DD1FB791FD00E1DEA5 /* Frameworks */ = {
			isa = PBXFrameworksBuildPhase;
			buildActionMask = 2147483647;
			files = (
			);
			runOnlyForDeploymentPostprocessing = 0;
		};
/* End PBXFrameworksBuildPhase section */

/* Begin PBXGroup section */
		855FA1BF1FB791FD00E1DEA5 = {
			isa = PBXGroup;
			children = (
				855FA1CA1FB791FD00E1DEA5 /* SmallBizInvoices */,
				855FA1E31FB791FD00E1DEA5 /* SmallBizInvoicesTests */,
				855FA1C91FB791FD00E1DEA5 /* Products */,
			);
			sourceTree = "<group>";
		};
		855FA1C91FB791FD00E1DEA5 /* Products */ = {
			isa = PBXGroup;
			children = (
				855FA1C81FB791FD00E1DEA5 /* SmallBizInvoices.app */,
				855FA1E01FB791FD00E1DEA5 /* SmallBizInvoicesTests.xctest */,
			);
			name = Products;
			sourceTree = "<group>";
		};
		855FA1CA1FB791FD00E1DEA5 /* SmallBizInvoices */ = {
			isa = PBXGroup;
			children = (
				855FA1CB1FB791FD00E1DEA5 /* AppDelegate.h */,
				855FA1CC1FB791FD00E1DEA5 /* AppDelegate.m */,
				855FA1CE1FB791FD00E1DEA5 /* ViewController.h */,
				855FA1CF1FB791FD00E1DEA5 /* ViewController.m */,
				855FA2101FB7EB8100E1DEA5 /* Images */,
				855FA1D11FB791FD00E1DEA5 /* Main.storyboard */,
				BC5DB9171FB7B51A00F58145 /* SmallBizAppManager.h */,
				BC5DB9181FB7B51A00F58145 /* SmallBizAppManager.m */,
				855FA1EF1FB79B5C00E1DEA5 /* LoginViewController.h */,
				855FA1F01FB79B5C00E1DEA5 /* LoginViewController.m */,
				855FA1F41FB79D6F00E1DEA5 /* ReceiptListViewController.h */,
				855FA1F51FB79D6F00E1DEA5 /* ReceiptListViewController.m */,
				855FA1F91FB79DF800E1DEA5 /* ReceiptDetailsViewController.h */,
				855FA1FA1FB79DF800E1DEA5 /* ReceiptDetailsViewController.m */,
				855FA2011FB7AE6F00E1DEA5 /* EmployeeRootVC.h */,
				855FA2021FB7AE6F00E1DEA5 /* EmployeeRootVC.m */,
				855FA2071FB7B40500E1DEA5 /* ScanQRCodeVC.h */,
				855FA2081FB7B40500E1DEA5 /* ScanQRCodeVC.m */,
				BC5DB9081FB7ADC100F58145 /* OwnerRootVC.h */,
				BC5DB9091FB7ADC100F58145 /* OwnerRootVC.m */,
				BC5DB90A1FB7ADC100F58145 /* OwnerRootVC.xib */,
				855FA2041FB7B1C000E1DEA5 /* AddNewReceiptVC.h */,
				855FA2051FB7B1C000E1DEA5 /* AddNewReceiptVC.m */,
				855FA20A1FB7B42700E1DEA5 /* EnterReceiptDetailsVC.h */,
				855FA20B1FB7B42700E1DEA5 /* EnterReceiptDetailsVC.m */,
				BC5DB90D1FB7B4C500F58145 /* FilterBillsVC.h */,
				BC5DB90E1FB7B4C500F58145 /* FilterBillsVC.m */,
				BC5DB90F1FB7B4C500F58145 /* FilterBillsVC.xib */,
				BC5DB9121FB7B4EC00F58145 /* BillReportVC.h */,
				BC5DB9131FB7B4EC00F58145 /* BillReportVC.m */,
				BC5DB9141FB7B4EC00F58145 /* BillReportVC.xib */,
				855FA20D1FB7BDE900E1DEA5 /* MTBBarcodeScanner.h */,
				855FA20E1FB7BDEA00E1DEA5 /* MTBBarcodeScanner.m */,
				855FA1D41FB791FD00E1DEA5 /* Assets.xcassets */,
				855FA1D61FB791FD00E1DEA5 /* LaunchScreen.storyboard */,
				855FA1D91FB791FD00E1DEA5 /* Info.plist */,
				855FA1DA1FB791FD00E1DEA5 /* main.m */,
			);
			path = SmallBizInvoices;
			sourceTree = "<group>";
		};
		855FA1E31FB791FD00E1DEA5 /* SmallBizInvoicesTests */ = {
			isa = PBXGroup;
			children = (
				855FA1E41FB791FD00E1DEA5 /* SmallBizInvoicesTests.m */,
				855FA1E61FB791FD00E1DEA5 /* Info.plist */,
			);
			path = SmallBizInvoicesTests;
			sourceTree = "<group>";
		};
		855FA2101FB7EB8100E1DEA5 /* Images */ = {
			isa = PBXGroup;
			children = (
				855FA2111FB7EBA900E1DEA5 /* bg.jpg */,
			);
			path = Images;
			sourceTree = "<group>";
		};
/* End PBXGroup section */

/* Begin PBXNativeTarget section */
		855FA1C71FB791FD00E1DEA5 /* SmallBizInvoices */ = {
			isa = PBXNativeTarget;
			buildConfigurationList = 855FA1E91FB791FD00E1DEA5 /* Build configuration list for PBXNativeTarget "SmallBizInvoices" */;
			buildPhases = (
				855FA1C41FB791FD00E1DEA5 /* Sources */,
				855FA1C51FB791FD00E1DEA5 /* Frameworks */,
				855FA1C61FB791FD00E1DEA5 /* Resources */,
			);
			buildRules = (
			);
			dependencies = (
			);
			name = SmallBizInvoices;
			productName = SmallBizInvoices;
			productReference = 855FA1C81FB791FD00E1DEA5 /* SmallBizInvoices.app */;
			productType = "com.apple.product-type.application";
		};
		855FA1DF1FB791FD00E1DEA5 /* SmallBizInvoicesTests */ = {
			isa = PBXNativeTarget;
			buildConfigurationList = 855FA1EC1FB791FD00E1DEA5 /* Build configuration list for PBXNativeTarget "SmallBizInvoicesTests" */;
			buildPhases = (
				855FA1DC1FB791FD00E1DEA5 /* Sources */,
				855FA1DD1FB791FD00E1DEA5 /* Frameworks */,
				855FA1DE1FB791FD00E1DEA5 /* Resources */,
			);
			buildRules = (
			);
			dependencies = (
				855FA1E21FB791FD00E1DEA5 /* PBXTargetDependency */,
			);
			name = SmallBizInvoicesTests;
			productName = SmallBizInvoicesTests;
			productReference = 855FA1E01FB791FD00E1DEA5 /* SmallBizInvoicesTests.xctest */;
			productType = "com.apple.product-type.bundle.unit-test";
		};
/* End PBXNativeTarget section */

/* Begin PBXProject section */
		855FA1C01FB791FD00E1DEA5 /* Project object */ = {
			isa = PBXProject;
			attributes = {
				LastUpgradeCheck = 0910;
				ORGANIZATIONNAME = "Reema Bhalani";
				TargetAttributes = {
					855FA1C71FB791FD00E1DEA5 = {
						CreatedOnToolsVersion = 9.1;
						ProvisioningStyle = Automatic;
					};
					855FA1DF1FB791FD00E1DEA5 = {
						CreatedOnToolsVersion = 9.1;
						ProvisioningStyle = Automatic;
						TestTargetID = 855FA1C71FB791FD00E1DEA5;
					};
				};
			};
			buildConfigurationList = 855FA1C31FB791FD00E1DEA5 /* Build configuration list for PBXProject "SmallBizInvoices" */;
			compatibilityVersion = "Xcode 8.0";
			developmentRegion = en;
			hasScannedForEncodings = 0;
			knownRegions = (
				en,
				Base,
			);
			mainGroup = 855FA1BF1FB791FD00E1DEA5;
			productRefGroup = 855FA1C91FB791FD00E1DEA5 /* Products */;
			projectDirPath = "";
			projectRoot = "";
			targets = (
				855FA1C71FB791FD00E1DEA5 /* SmallBizInvoices */,
				855FA1DF1FB791FD00E1DEA5 /* SmallBizInvoicesTests */,
			);
		};
/* End PBXProject section */

/* Begin PBXResourcesBuildPhase section */
		855FA1C61FB791FD00E1DEA5 /* Resources */ = {
			isa = PBXResourcesBuildPhase;
			buildActionMask = 2147483647;
			files = (
				BC5DB90C1FB7ADC100F58145 /* OwnerRootVC.xib in Resources */,
				855FA1D81FB791FD00E1DEA5 /* LaunchScreen.storyboard in Resources */,
				855FA1D51FB791FD00E1DEA5 /* Assets.xcassets in Resources */,
				BC5DB9161FB7B4EC00F58145 /* BillReportVC.xib in Resources */,
				855FA2121FB7EBA900E1DEA5 /* bg.jpg in Resources */,
				855FA1D31FB791FD00E1DEA5 /* Main.storyboard in Resources */,
				BC5DB9111FB7B4C500F58145 /* FilterBillsVC.xib in Resources */,
			);
			runOnlyForDeploymentPostprocessing = 0;
		};
		855FA1DE1FB791FD00E1DEA5 /* Resources */ = {
			isa = PBXResourcesBuildPhase;
			buildActionMask = 2147483647;
			files = (
			);
			runOnlyForDeploymentPostprocessing = 0;
		};
/* End PBXResourcesBuildPhase section */

/* Begin PBXSourcesBuildPhase section */
		855FA1C41FB791FD00E1DEA5 /* Sources */ = {
			isa = PBXSourcesBuildPhase;
			buildActionMask = 2147483647;
			files = (
				855FA2031FB7AE6F00E1DEA5 /* EmployeeRootVC.m in Sources */,
				855FA20F1FB7BDEA00E1DEA5 /* MTBBarcodeScanner.m in Sources */,
				855FA2091FB7B40500E1DEA5 /* ScanQRCodeVC.m in Sources */,
				855FA1F21FB79B5C00E1DEA5 /* LoginViewController.m in Sources */,
				BC5DB9191FB7B51A00F58145 /* SmallBizAppManager.m in Sources */,
				855FA1D01FB791FD00E1DEA5 /* ViewController.m in Sources */,
				855FA1DB1FB791FD00E1DEA5 /* main.m in Sources */,
				BC5DB90B1FB7ADC100F58145 /* OwnerRootVC.m in Sources */,
				855FA1F71FB79D6F00E1DEA5 /* ReceiptListViewController.m in Sources */,
				BC5DB9101FB7B4C500F58145 /* FilterBillsVC.m in Sources */,
				855FA2061FB7B1C000E1DEA5 /* AddNewReceiptVC.m in Sources */,
				BC5DB9151FB7B4EC00F58145 /* BillReportVC.m in Sources */,
				855FA1FC1FB79DF800E1DEA5 /* ReceiptDetailsViewController.m in Sources */,
				855FA1CD1FB791FD00E1DEA5 /* AppDelegate.m in Sources */,
				855FA20C1FB7B42700E1DEA5 /* EnterReceiptDetailsVC.m in Sources */,
			);
			runOnlyForDeploymentPostprocessing = 0;
		};
		855FA1DC1FB791FD00E1DEA5 /* Sources */ = {
			isa = PBXSourcesBuildPhase;
			buildActionMask = 2147483647;
			files = (
				855FA1E51FB791FD00E1DEA5 /* SmallBizInvoicesTests.m in Sources */,
			);
			runOnlyForDeploymentPostprocessing = 0;
		};
/* End PBXSourcesBuildPhase section */

/* Begin PBXTargetDependency section */
		855FA1E21FB791FD00E1DEA5 /* PBXTargetDependency */ = {
			isa = PBXTargetDependency;
			target = 855FA1C71FB791FD00E1DEA5 /* SmallBizInvoices */;
			targetProxy = 855FA1E11FB791FD00E1DEA5 /* PBXContainerItemProxy */;
		};
/* End PBXTargetDependency section */

/* Begin PBXVariantGroup section */
		855FA1D11FB791FD00E1DEA5 /* Main.storyboard */ = {
			isa = PBXVariantGroup;
			children = (
				855FA1D21FB791FD00E1DEA5 /* Base */,
			);
			name = Main.storyboard;
			sourceTree = "<group>";
		};
		855FA1D61FB791FD00E1DEA5 /* LaunchScreen.storyboard */ = {
			isa = PBXVariantGroup;
			children = (
				855FA1D71FB791FD00E1DEA5 /* Base */,
			);
			name = LaunchScreen.storyboard;
			sourceTree = "<group>";
		};
/* End PBXVariantGroup section */

/* Begin XCBuildConfiguration section */
		855FA1E71FB791FD00E1DEA5 /* Debug */ = {
			isa = XCBuildConfiguration;
			buildSettings = {
				ALWAYS_SEARCH_USER_PATHS = NO;
				CLANG_ANALYZER_NONNULL = YES;
				CLANG_ANALYZER_NUMBER_OBJECT_CONVERSION = YES_AGGRESSIVE;
				CLANG_CXX_LANGUAGE_STANDARD = "gnu++14";
				CLANG_CXX_LIBRARY = "libc++";
				CLANG_ENABLE_MODULES = YES;
				CLANG_ENABLE_OBJC_ARC = YES;
				CLANG_WARN_BLOCK_CAPTURE_AUTORELEASING = YES;
				CLANG_WARN_BOOL_CONVERSION = YES;
				CLANG_WARN_COMMA = YES;
				CLANG_WARN_CONSTANT_CONVERSION = YES;
				CLANG_WARN_DIRECT_OBJC_ISA_USAGE = YES_ERROR;
				CLANG_WARN_DOCUMENTATION_COMMENTS = YES;
				CLANG_WARN_EMPTY_BODY = YES;
				CLANG_WARN_ENUM_CONVERSION = YES;
				CLANG_WARN_INFINITE_RECURSION = YES;
				CLANG_WARN_INT_CONVERSION = YES;
				CLANG_WARN_NON_LITERAL_NULL_CONVERSION = YES;
				CLANG_WARN_OBJC_LITERAL_CONVERSION = YES;
				CLANG_WARN_OBJC_ROOT_CLASS = YES_ERROR;
				CLANG_WARN_RANGE_LOOP_ANALYSIS = YES;
				CLANG_WARN_STRICT_PROTOTYPES = YES;
				CLANG_WARN_SUSPICIOUS_MOVE = YES;
				CLANG_WARN_UNGUARDED_AVAILABILITY = YES_AGGRESSIVE;
				CLANG_WARN_UNREACHABLE_CODE = YES;
				CLANG_WARN__DUPLICATE_METHOD_MATCH = YES;
				CODE_SIGN_IDENTITY = "iPhone Developer";
				COPY_PHASE_STRIP = NO;
				DEBUG_INFORMATION_FORMAT = dwarf;
				ENABLE_STRICT_OBJC_MSGSEND = YES;
				ENABLE_TESTABILITY = YES;
				GCC_C_LANGUAGE_STANDARD = gnu11;
				GCC_DYNAMIC_NO_PIC = NO;
				GCC_NO_COMMON_BLOCKS = YES;
				GCC_OPTIMIZATION_LEVEL = 0;
				GCC_PREPROCESSOR_DEFINITIONS = (
					"DEBUG=1",
					"$(inherited)",
				);
				GCC_WARN_64_TO_32_BIT_CONVERSION = YES;
				GCC_WARN_ABOUT_RETURN_TYPE = YES_ERROR;
				GCC_WARN_UNDECLARED_SELECTOR = YES;
				GCC_WARN_UNINITIALIZED_AUTOS = YES_AGGRESSIVE;
				GCC_WARN_UNUSED_FUNCTION = YES;
				GCC_WARN_UNUSED_VARIABLE = YES;
				IPHONEOS_DEPLOYMENT_TARGET = 11.1;
				MTL_ENABLE_DEBUG_INFO = YES;
				ONLY_ACTIVE_ARCH = YES;
				SDKROOT = iphoneos;
			};
			name = Debug;
		};
		855FA1E81FB791FD00E1DEA5 /* Release */ = {
			isa = XCBuildConfiguration;
			buildSettings = {
				ALWAYS_SEARCH_USER_PATHS = NO;
				CLANG_ANALYZER_NONNULL = YES;
				CLANG_ANALYZER_NUMBER_OBJECT_CONVERSION = YES_AGGRESSIVE;
				CLANG_CXX_LANGUAGE_STANDARD = "gnu++14";
				CLANG_CXX_LIBRARY = "libc++";
				CLANG_ENABLE_MODULES = YES;
				CLANG_ENABLE_OBJC_ARC = YES;
				CLANG_WARN_BLOCK_CAPTURE_AUTORELEASING = YES;
				CLANG_WARN_BOOL_CONVERSION = YES;
				CLANG_WARN_COMMA = YES;
				CLANG_WARN_CONSTANT_CONVERSION = YES;
				CLANG_WARN_DIRECT_OBJC_ISA_USAGE = YES_ERROR;
				CLANG_WARN_DOCUMENTATION_COMMENTS = YES;
				CLANG_WARN_EMPTY_BODY = YES;
				CLANG_WARN_ENUM_CONVERSION = YES;
				CLANG_WARN_INFINITE_RECURSION = YES;
				CLANG_WARN_INT_CONVERSION = YES;
				CLANG_WARN_NON_LITERAL_NULL_CONVERSION = YES;
				CLANG_WARN_OBJC_LITERAL_CONVERSION = YES;
				CLANG_WARN_OBJC_ROOT_CLASS = YES_ERROR;
				CLANG_WARN_RANGE_LOOP_ANALYSIS = YES;
				CLANG_WARN_STRICT_PROTOTYPES = YES;
				CLANG_WARN_SUSPICIOUS_MOVE = YES;
				CLANG_WARN_UNGUARDED_AVAILABILITY = YES_AGGRESSIVE;
				CLANG_WARN_UNREACHABLE_CODE = YES;
				CLANG_WARN__DUPLICATE_METHOD_MATCH = YES;
				CODE_SIGN_IDENTITY = "iPhone Developer";
				COPY_PHASE_STRIP = NO;
				DEBUG_INFORMATION_FORMAT = "dwarf-with-dsym";
				ENABLE_NS_ASSERTIONS = NO;
				ENABLE_STRICT_OBJC_MSGSEND = YES;
				GCC_C_LANGUAGE_STANDARD = gnu11;
				GCC_NO_COMMON_BLOCKS = YES;
				GCC_WARN_64_TO_32_BIT_CONVERSION = YES;
				GCC_WARN_ABOUT_RETURN_TYPE = YES_ERROR;
				GCC_WARN_UNDECLARED_SELECTOR = YES;
				GCC_WARN_UNINITIALIZED_AUTOS = YES_AGGRESSIVE;
				GCC_WARN_UNUSED_FUNCTION = YES;
				GCC_WARN_UNUSED_VARIABLE = YES;
				IPHONEOS_DEPLOYMENT_TARGET = 11.1;
				MTL_ENABLE_DEBUG_INFO = NO;
				SDKROOT = iphoneos;
				VALIDATE_PRODUCT = YES;
			};
			name = Release;
		};
		855FA1EA1FB791FD00E1DEA5 /* Debug */ = {
			isa = XCBuildConfiguration;
			buildSettings = {
				ASSETCATALOG_COMPILER_APPICON_NAME = AppIcon;
				"CODE_SIGN_IDENTITY[sdk=iphoneos*]" = "iPhone Developer";
				CODE_SIGN_STYLE = Automatic;
				DEVELOPMENT_TEAM = D86MD8M2YF;
				INFOPLIST_FILE = SmallBizInvoices/Info.plist;
				IPHONEOS_DEPLOYMENT_TARGET = 11.0;
				LD_RUNPATH_SEARCH_PATHS = "$(inherited) @executable_path/Frameworks";
				PRODUCT_BUNDLE_IDENTIFIER = com.jnvapps.SmallBizInvoices;
				PRODUCT_NAME = "$(TARGET_NAME)";
				PROVISIONING_PROFILE_SPECIFIER = "";
				TARGETED_DEVICE_FAMILY = "1,2";
			};
			name = Debug;
		};
		855FA1EB1FB791FD00E1DEA5 /* Release */ = {
			isa = XCBuildConfiguration;
			buildSettings = {
				ASSETCATALOG_COMPILER_APPICON_NAME = AppIcon;
				"CODE_SIGN_IDENTITY[sdk=iphoneos*]" = "iPhone Developer";
				CODE_SIGN_STYLE = Automatic;
				DEVELOPMENT_TEAM = D86MD8M2YF;
				INFOPLIST_FILE = SmallBizInvoices/Info.plist;
				IPHONEOS_DEPLOYMENT_TARGET = 11.0;
				LD_RUNPATH_SEARCH_PATHS = "$(inherited) @executable_path/Frameworks";
				PRODUCT_BUNDLE_IDENTIFIER = com.jnvapps.SmallBizInvoices;
				PRODUCT_NAME = "$(TARGET_NAME)";
				PROVISIONING_PROFILE_SPECIFIER = "";
				TARGETED_DEVICE_FAMILY = "1,2";
			};
			name = Release;
		};
		855FA1ED1FB791FD00E1DEA5 /* Debug */ = {
			isa = XCBuildConfiguration;
			buildSettings = {
				BUNDLE_LOADER = "$(TEST_HOST)";
				CODE_SIGN_STYLE = Automatic;
				INFOPLIST_FILE = SmallBizInvoicesTests/Info.plist;
				LD_RUNPATH_SEARCH_PATHS = "$(inherited) @executable_path/Frameworks @loader_path/Frameworks";
				PRODUCT_BUNDLE_IDENTIFIER = com.jnvapps.SmallBizInvoicesTests;
				PRODUCT_NAME = "$(TARGET_NAME)";
				TARGETED_DEVICE_FAMILY = "1,2";
				TEST_HOST = "$(BUILT_PRODUCTS_DIR)/SmallBizInvoices.app/SmallBizInvoices";
			};
			name = Debug;
		};
		855FA1EE1FB791FD00E1DEA5 /* Release */ = {
			isa = XCBuildConfiguration;
			buildSettings = {
				BUNDLE_LOADER = "$(TEST_HOST)";
				CODE_SIGN_STYLE = Automatic;
				INFOPLIST_FILE = SmallBizInvoicesTests/Info.plist;
				LD_RUNPATH_SEARCH_PATHS = "$(inherited) @executable_path/Frameworks @loader_path/Frameworks";
				PRODUCT_BUNDLE_IDENTIFIER = com.jnvapps.SmallBizInvoicesTests;
				PRODUCT_NAME = "$(TARGET_NAME)";
				TARGETED_DEVICE_FAMILY = "1,2";
				TEST_HOST = "$(BUILT_PRODUCTS_DIR)/SmallBizInvoices.app/SmallBizInvoices";
			};
			name = Release;
		};
/* End XCBuildConfiguration section */

/* Begin XCConfigurationList section */
		855FA1C31FB791FD00E1DEA5 /* Build configuration list for PBXProject "SmallBizInvoices" */ = {
			isa = XCConfigurationList;
			buildConfigurations = (
				855FA1E71FB791FD00E1DEA5 /* Debug */,
				855FA1E81FB791FD00E1DEA5 /* Release */,
			);
			defaultConfigurationIsVisible = 0;
			defaultConfigurationName = Release;
		};
		855FA1E91FB791FD00E1DEA5 /* Build configuration list for PBXNativeTarget "SmallBizInvoices" */ = {
			isa = XCConfigurationList;
			buildConfigurations = (
				855FA1EA1FB791FD00E1DEA5 /* Debug */,
				855FA1EB1FB791FD00E1DEA5 /* Release */,
			);
			defaultConfigurationIsVisible = 0;
			defaultConfigurationName = Release;
		};
		855FA1EC1FB791FD00E1DEA5 /* Build configuration list for PBXNativeTarget "SmallBizInvoicesTests" */ = {
			isa = XCConfigurationList;
			buildConfigurations = (
				855FA1ED1FB791FD00E1DEA5 /* Debug */,
				855FA1EE1FB791FD00E1DEA5 /* Release */,
			);
			defaultConfigurationIsVisible = 0;
			defaultConfigurationName = Release;
		};
/* End XCConfigurationList section */
	};
	rootObject = 855FA1C01FB791FD00E1DEA5 /* Project object */;
}
